{
  "name": "celeste",
  "lockfileVersion": 2,
  "requires": true,
  "packages": {
    "": {
      "dependencies": {
        "@fontsource/open-sans": "^4.5.8"
      }
    },
    "node_modules/@fontsource/open-sans": {
      "version": "4.5.8",
      "resolved": "https://registry.npmjs.org/@fontsource/open-sans/-/open-sans-4.5.8.tgz",
      "integrity": "sha512-3b94XDdRLqL7OlE7OjWg/4pgG825Juw8PLVEDm6h5pio0gMU89ICxfatGxHsBxMGfqad+wnvdmUweZWlELDFpQ=="
    }
  },
  "dependencies": {
    "@fontsource/open-sans": {
      "version": "4.5.8",
      "resolved": "https://registry.npmjs.org/@fontsource/open-sans/-/open-sans-4.5.8.tgz",
      "integrity": "sha512-3b94XDdRLqL7OlE7OjWg/4pgG825Juw8PLVEDm6h5pio0gMU89ICxfatGxHsBxMGfqad+wnvdmUweZWlELDFpQ=="
    }
  }
}
